{
  "board": "RoundLedRing",
  "electrical_sha256": "91ab837d981f1ac42c36ab2c06c74e1d17c24400466ac277a01ea821b19232c9",
  "schema": "copperscript-assembly-lock/v0.1",
  "selections": [
    {
      "footprint": "Battery:BatteryHolder_Keystone_3034_1x20mm",
      "manufacturer": "Keystone Electronics",
      "mpn": "3034",
      "part": "demo.KEYSTONE_3034",
      "reference": "BT1",
      "reviewed": false,
      "source_url": "https://jlcpcb.com/partdetail/Keystone-3034/C5199422",
      "supplier": "jlcpcb",
      "supplier_part": "C5199422"
    },
    {
      "footprint": "Capacitor_SMD:C_0603_1608Metric",
      "manufacturer": null,
      "mpn": null,
      "part": "CAPACITOR",
      "reference": "C_BULK",
      "reviewed": false,
      "source_url": null,
      "supplier": null,
      "supplier_part": null
    },
    {
      "footprint": "Capacitor_SMD:C_0402_1005Metric",
      "manufacturer": null,
      "mpn": null,
      "part": "CAPACITOR",
      "reference": "C_DEC1",
      "reviewed": false,
      "source_url": null,
      "supplier": null,
      "supplier_part": null
    },
    {
      "footprint": "Capacitor_SMD:C_0402_1005Metric",
      "manufacturer": null,
      "mpn": null,
      "part": "CAPACITOR",
      "reference": "C_DEC3",
      "reviewed": false,
      "source_url": null,
      "supplier": null,
      "supplier_part": null
    },
    {
      "footprint": "Capacitor_SMD:C_0603_1608Metric",
      "manufacturer": null,
      "mpn": null,
      "part": "CAPACITOR",
      "reference": "C_DEC4",
      "reviewed": false,
      "source_url": null,
      "supplier": null,
      "supplier_part": null
    },
    {
      "footprint": "Capacitor_SMD:C_0402_1005Metric",
      "manufacturer": null,
      "mpn": null,
      "part": "CAPACITOR",
      "reference": "C_VDD1",
      "reviewed": false,
      "source_url": null,
      "supplier": null,
      "supplier_part": null
    },
    {
      "footprint": "Capacitor_SMD:C_0402_1005Metric",
      "manufacturer": null,
      "mpn": null,
      "part": "CAPACITOR",
      "reference": "C_VDD2",
      "reviewed": false,
      "source_url": null,
      "supplier": null,
      "supplier_part": null
    },
    {
      "footprint": "Connector_Debug:FTSH-105-01-L-DV-007-K",
      "manufacturer": "Samtec",
      "mpn": "FTSH-105-01-L-DV-007-K",
      "part": "vertical.SWD_HEADER",
      "reference": "J_SWD",
      "reviewed": false,
      "source_url": "https://jlcpcb.com/partdetail/Samtec-FTSH_105_01_L_DV_007K/C5296739",
      "supplier": "jlcpcb",
      "supplier_part": "C5296739"
    },
    {
      "footprint": "LED_SMD:LED_0603_1608Metric",
      "manufacturer": null,
      "mpn": null,
      "part": "demo.REFERENCE_LED_0603",
      "reference": "LED1",
      "reviewed": false,
      "source_url": null,
      "supplier": null,
      "supplier_part": null
    },
    {
      "footprint": "LED_SMD:LED_0603_1608Metric",
      "manufacturer": null,
      "mpn": null,
      "part": "demo.REFERENCE_LED_0603",
      "reference": "LED10",
      "reviewed": false,
      "source_url": null,
      "supplier": null,
      "supplier_part": null
    },
    {
      "footprint": "LED_SMD:LED_0603_1608Metric",
      "manufacturer": null,
      "mpn": null,
      "part": "demo.REFERENCE_LED_0603",
      "reference": "LED11",
      "reviewed": false,
      "source_url": null,
      "supplier": null,
      "supplier_part": null
    },
    {
      "footprint": "LED_SMD:LED_0603_1608Metric",
      "manufacturer": null,
      "mpn": null,
      "part": "demo.REFERENCE_LED_0603",
      "reference": "LED12",
      "reviewed": false,
      "source_url": null,
      "supplier": null,
      "supplier_part": null
    },
    {
      "footprint": "LED_SMD:LED_0603_1608Metric",
      "manufacturer": null,
      "mpn": null,
      "part": "demo.REFERENCE_LED_0603",
      "reference": "LED2",
      "reviewed": false,
      "source_url": null,
      "supplier": null,
      "supplier_part": null
    },
    {
      "footprint": "LED_SMD:LED_0603_1608Metric",
      "manufacturer": null,
      "mpn": null,
      "part": "demo.REFERENCE_LED_0603",
      "reference": "LED3",
      "reviewed": false,
      "source_url": null,
      "supplier": null,
      "supplier_part": null
    },
    {
      "footprint": "LED_SMD:LED_0603_1608Metric",
      "manufacturer": null,
      "mpn": null,
      "part": "demo.REFERENCE_LED_0603",
      "reference": "LED4",
      "reviewed": false,
      "source_url": null,
      "supplier": null,
      "supplier_part": null
    },
    {
      "footprint": "LED_SMD:LED_0603_1608Metric",
      "manufacturer": null,
      "mpn": null,
      "part": "demo.REFERENCE_LED_0603",
      "reference": "LED5",
      "reviewed": false,
      "source_url": null,
      "supplier": null,
      "supplier_part": null
    },
    {
      "footprint": "LED_SMD:LED_0603_1608Metric",
      "manufacturer": null,
      "mpn": null,
      "part": "demo.REFERENCE_LED_0603",
      "reference": "LED6",
      "reviewed": false,
      "source_url": null,
      "supplier": null,
      "supplier_part": null
    },
    {
      "footprint": "LED_SMD:LED_0603_1608Metric",
      "manufacturer": null,
      "mpn": null,
      "part": "demo.REFERENCE_LED_0603",
      "reference": "LED7",
      "reviewed": false,
      "source_url": null,
      "supplier": null,
      "supplier_part": null
    },
    {
      "footprint": "LED_SMD:LED_0603_1608Metric",
      "manufacturer": null,
      "mpn": null,
      "part": "demo.REFERENCE_LED_0603",
      "reference": "LED8",
      "reviewed": false,
      "source_url": null,
      "supplier": null,
      "supplier_part": null
    },
    {
      "footprint": "LED_SMD:LED_0603_1608Metric",
      "manufacturer": null,
      "mpn": null,
      "part": "demo.REFERENCE_LED_0603",
      "reference": "LED9",
      "reviewed": false,
      "source_url": null,
      "supplier": null,
      "supplier_part": null
    },
    {
      "footprint": "Resistor_SMD:R_0603_1608Metric",
      "manufacturer": null,
      "mpn": null,
      "part": "RESISTOR",
      "reference": "R_LED1",
      "reviewed": false,
      "source_url": null,
      "supplier": null,
      "supplier_part": null
    },
    {
      "footprint": "Resistor_SMD:R_0603_1608Metric",
      "manufacturer": null,
      "mpn": null,
      "part": "RESISTOR",
      "reference": "R_LED10",
      "reviewed": false,
      "source_url": null,
      "supplier": null,
      "supplier_part": null
    },
    {
      "footprint": "Resistor_SMD:R_0603_1608Metric",
      "manufacturer": null,
      "mpn": null,
      "part": "RESISTOR",
      "reference": "R_LED11",
      "reviewed": false,
      "source_url": null,
      "supplier": null,
      "supplier_part": null
    },
    {
      "footprint": "Resistor_SMD:R_0603_1608Metric",
      "manufacturer": null,
      "mpn": null,
      "part": "RESISTOR",
      "reference": "R_LED12",
      "reviewed": false,
      "source_url": null,
      "supplier": null,
      "supplier_part": null
    },
    {
      "footprint": "Resistor_SMD:R_0603_1608Metric",
      "manufacturer": null,
      "mpn": null,
      "part": "RESISTOR",
      "reference": "R_LED2",
      "reviewed": false,
      "source_url": null,
      "supplier": null,
      "supplier_part": null
    },
    {
      "footprint": "Resistor_SMD:R_0603_1608Metric",
      "manufacturer": null,
      "mpn": null,
      "part": "RESISTOR",
      "reference": "R_LED3",
      "reviewed": false,
      "source_url": null,
      "supplier": null,
      "supplier_part": null
    },
    {
      "footprint": "Resistor_SMD:R_0603_1608Metric",
      "manufacturer": null,
      "mpn": null,
      "part": "RESISTOR",
      "reference": "R_LED4",
      "reviewed": false,
      "source_url": null,
      "supplier": null,
      "supplier_part": null
    },
    {
      "footprint": "Resistor_SMD:R_0603_1608Metric",
      "manufacturer": null,
      "mpn": null,
      "part": "RESISTOR",
      "reference": "R_LED5",
      "reviewed": false,
      "source_url": null,
      "supplier": null,
      "supplier_part": null
    },
    {
      "footprint": "Resistor_SMD:R_0603_1608Metric",
      "manufacturer": null,
      "mpn": null,
      "part": "RESISTOR",
      "reference": "R_LED6",
      "reviewed": false,
      "source_url": null,
      "supplier": null,
      "supplier_part": null
    },
    {
      "footprint": "Resistor_SMD:R_0603_1608Metric",
      "manufacturer": null,
      "mpn": null,
      "part": "RESISTOR",
      "reference": "R_LED7",
      "reviewed": false,
      "source_url": null,
      "supplier": null,
      "supplier_part": null
    },
    {
      "footprint": "Resistor_SMD:R_0603_1608Metric",
      "manufacturer": null,
      "mpn": null,
      "part": "RESISTOR",
      "reference": "R_LED8",
      "reviewed": false,
      "source_url": null,
      "supplier": null,
      "supplier_part": null
    },
    {
      "footprint": "Resistor_SMD:R_0603_1608Metric",
      "manufacturer": null,
      "mpn": null,
      "part": "RESISTOR",
      "reference": "R_LED9",
      "reviewed": false,
      "source_url": null,
      "supplier": null,
      "supplier_part": null
    },
    {
      "footprint": "Resistor_SMD:R_0603_1608Metric",
      "manufacturer": null,
      "mpn": null,
      "part": "RESISTOR",
      "reference": "R_RESET",
      "reviewed": false,
      "source_url": null,
      "supplier": null,
      "supplier_part": null
    },
    {
      "footprint": "Package_DFN_QFN:QFN-48-1EP_6x6mm_P0.4mm_EP4.2x4.2mm",
      "manufacturer": "Nordic Semiconductor",
      "mpn": "NRF52832-QFAA-R",
      "part": "vertical.NRF52832_QFAA",
      "reference": "U1",
      "reviewed": false,
      "source_url": "https://jlcpcb.com/partdetail/NordicSemicon-NRF52832_QFAAR/C77540",
      "supplier": "jlcpcb",
      "supplier_part": "C77540"
    }
  ]
}
