{
  "board": "RoundLedRing",
  "electrical_sha256": "46d6f53e683258ef368ec654a6c3b7e9c322881abc7150f63e8a734c383236b0",
  "schema": "copperscript-assembly-lock/v0.1",
  "selections": [
    {
      "footprint": "github.com/andenore/CopperLib/packages/parts/keystone/3034/footprints/Battery.pretty/BatteryHolder_Keystone_3034_1x20mm.kicad_mod",
      "manufacturer": "Keystone Electronics",
      "mpn": "3034",
      "part": "keystone.KEYSTONE_3034",
      "reference": "BT1",
      "reviewed": true,
      "source_url": "https://jlcpcb.com/partdetail/C5199422",
      "supplier": "jlcpcb",
      "supplier_part": "C5199422"
    },
    {
      "footprint": "Capacitor_SMD:C_0603_1608Metric",
      "manufacturer": "Samsung Electro-Mechanics",
      "mpn": "CL10A475KO8NNNC",
      "part": "samsung_cl10.SAMSUNG_CL10A475KO8NNNC",
      "reference": "C_BULK",
      "reviewed": true,
      "source_url": "https://jlcpcb.com/partdetail/C19666",
      "supplier": "jlcpcb",
      "supplier_part": "C19666"
    },
    {
      "footprint": "Capacitor_SMD:C_0402_1005Metric",
      "manufacturer": "Samsung Electro-Mechanics",
      "mpn": "CL05B104KO5NNNC",
      "part": "samsung.SAMSUNG_CL05B104KO5NNNC",
      "reference": "C_DEC1",
      "reviewed": true,
      "source_url": "https://jlcpcb.com/partdetail/C1525",
      "supplier": "jlcpcb",
      "supplier_part": "C1525"
    },
    {
      "footprint": "Capacitor_SMD:C_0402_1005Metric",
      "manufacturer": "FH (Guangdong Fenghua Advanced Tech)",
      "mpn": "0402CG101J500NT",
      "part": "fenghua.FENGHUA_0402CG101J500NT",
      "reference": "C_DEC3",
      "reviewed": true,
      "source_url": "https://jlcpcb.com/partdetail/C1546",
      "supplier": "jlcpcb",
      "supplier_part": "C1546"
    },
    {
      "footprint": "Capacitor_SMD:C_0603_1608Metric",
      "manufacturer": "Samsung Electro-Mechanics",
      "mpn": "CL10A105KB8NNNC",
      "part": "samsung_cl10.SAMSUNG_CL10A105KB8NNNC",
      "reference": "C_DEC4",
      "reviewed": true,
      "source_url": "https://jlcpcb.com/partdetail/C15849",
      "supplier": "jlcpcb",
      "supplier_part": "C15849"
    },
    {
      "footprint": "Capacitor_SMD:C_0402_1005Metric",
      "manufacturer": "Samsung Electro-Mechanics",
      "mpn": "CL05B104KO5NNNC",
      "part": "samsung.SAMSUNG_CL05B104KO5NNNC",
      "reference": "C_VDD1",
      "reviewed": true,
      "source_url": "https://jlcpcb.com/partdetail/C1525",
      "supplier": "jlcpcb",
      "supplier_part": "C1525"
    },
    {
      "footprint": "Capacitor_SMD:C_0402_1005Metric",
      "manufacturer": "Samsung Electro-Mechanics",
      "mpn": "CL05B104KO5NNNC",
      "part": "samsung.SAMSUNG_CL05B104KO5NNNC",
      "reference": "C_VDD2",
      "reviewed": true,
      "source_url": "https://jlcpcb.com/partdetail/C1525",
      "supplier": "jlcpcb",
      "supplier_part": "C1525"
    },
    {
      "footprint": "Connector_Debug:FTSH-105-01-L-DV-007-K",
      "manufacturer": "Samtec",
      "mpn": "FTSH-105-01-L-DV-007-K",
      "part": "swd.SWD_HEADER",
      "reference": "J_SWD",
      "reviewed": true,
      "source_url": "https://jlcpcb.com/partdetail/C5296739",
      "supplier": "jlcpcb",
      "supplier_part": "C5296739"
    },
    {
      "footprint": "KENTO:KENTO_KT0603R",
      "manufacturer": "Hubei KENTO Elec",
      "mpn": "KT-0603R",
      "part": "kento.KENTO_KT0603R",
      "reference": "LED1",
      "reviewed": true,
      "source_url": "https://jlcpcb.com/partdetail/C2286",
      "supplier": "jlcpcb",
      "supplier_part": "C2286"
    },
    {
      "footprint": "KENTO:KENTO_KT0603R",
      "manufacturer": "Hubei KENTO Elec",
      "mpn": "KT-0603R",
      "part": "kento.KENTO_KT0603R",
      "reference": "LED10",
      "reviewed": true,
      "source_url": "https://jlcpcb.com/partdetail/C2286",
      "supplier": "jlcpcb",
      "supplier_part": "C2286"
    },
    {
      "footprint": "KENTO:KENTO_KT0603R",
      "manufacturer": "Hubei KENTO Elec",
      "mpn": "KT-0603R",
      "part": "kento.KENTO_KT0603R",
      "reference": "LED11",
      "reviewed": true,
      "source_url": "https://jlcpcb.com/partdetail/C2286",
      "supplier": "jlcpcb",
      "supplier_part": "C2286"
    },
    {
      "footprint": "KENTO:KENTO_KT0603R",
      "manufacturer": "Hubei KENTO Elec",
      "mpn": "KT-0603R",
      "part": "kento.KENTO_KT0603R",
      "reference": "LED12",
      "reviewed": true,
      "source_url": "https://jlcpcb.com/partdetail/C2286",
      "supplier": "jlcpcb",
      "supplier_part": "C2286"
    },
    {
      "footprint": "KENTO:KENTO_KT0603R",
      "manufacturer": "Hubei KENTO Elec",
      "mpn": "KT-0603R",
      "part": "kento.KENTO_KT0603R",
      "reference": "LED2",
      "reviewed": true,
      "source_url": "https://jlcpcb.com/partdetail/C2286",
      "supplier": "jlcpcb",
      "supplier_part": "C2286"
    },
    {
      "footprint": "KENTO:KENTO_KT0603R",
      "manufacturer": "Hubei KENTO Elec",
      "mpn": "KT-0603R",
      "part": "kento.KENTO_KT0603R",
      "reference": "LED3",
      "reviewed": true,
      "source_url": "https://jlcpcb.com/partdetail/C2286",
      "supplier": "jlcpcb",
      "supplier_part": "C2286"
    },
    {
      "footprint": "KENTO:KENTO_KT0603R",
      "manufacturer": "Hubei KENTO Elec",
      "mpn": "KT-0603R",
      "part": "kento.KENTO_KT0603R",
      "reference": "LED4",
      "reviewed": true,
      "source_url": "https://jlcpcb.com/partdetail/C2286",
      "supplier": "jlcpcb",
      "supplier_part": "C2286"
    },
    {
      "footprint": "KENTO:KENTO_KT0603R",
      "manufacturer": "Hubei KENTO Elec",
      "mpn": "KT-0603R",
      "part": "kento.KENTO_KT0603R",
      "reference": "LED5",
      "reviewed": true,
      "source_url": "https://jlcpcb.com/partdetail/C2286",
      "supplier": "jlcpcb",
      "supplier_part": "C2286"
    },
    {
      "footprint": "KENTO:KENTO_KT0603R",
      "manufacturer": "Hubei KENTO Elec",
      "mpn": "KT-0603R",
      "part": "kento.KENTO_KT0603R",
      "reference": "LED6",
      "reviewed": true,
      "source_url": "https://jlcpcb.com/partdetail/C2286",
      "supplier": "jlcpcb",
      "supplier_part": "C2286"
    },
    {
      "footprint": "KENTO:KENTO_KT0603R",
      "manufacturer": "Hubei KENTO Elec",
      "mpn": "KT-0603R",
      "part": "kento.KENTO_KT0603R",
      "reference": "LED7",
      "reviewed": true,
      "source_url": "https://jlcpcb.com/partdetail/C2286",
      "supplier": "jlcpcb",
      "supplier_part": "C2286"
    },
    {
      "footprint": "KENTO:KENTO_KT0603R",
      "manufacturer": "Hubei KENTO Elec",
      "mpn": "KT-0603R",
      "part": "kento.KENTO_KT0603R",
      "reference": "LED8",
      "reviewed": true,
      "source_url": "https://jlcpcb.com/partdetail/C2286",
      "supplier": "jlcpcb",
      "supplier_part": "C2286"
    },
    {
      "footprint": "KENTO:KENTO_KT0603R",
      "manufacturer": "Hubei KENTO Elec",
      "mpn": "KT-0603R",
      "part": "kento.KENTO_KT0603R",
      "reference": "LED9",
      "reviewed": true,
      "source_url": "https://jlcpcb.com/partdetail/C2286",
      "supplier": "jlcpcb",
      "supplier_part": "C2286"
    },
    {
      "footprint": "Resistor_SMD:R_0603_1608Metric",
      "manufacturer": "UNI-ROYAL(Uniroyal Elec)",
      "mpn": "0603WAF1002T5E",
      "part": "uniroyal.UNIROYAL_0603WAF1002T5E",
      "reference": "R_LED1",
      "reviewed": true,
      "source_url": "https://jlcpcb.com/partdetail/C25804",
      "supplier": "jlcpcb",
      "supplier_part": "C25804"
    },
    {
      "footprint": "Resistor_SMD:R_0603_1608Metric",
      "manufacturer": "UNI-ROYAL(Uniroyal Elec)",
      "mpn": "0603WAF1002T5E",
      "part": "uniroyal.UNIROYAL_0603WAF1002T5E",
      "reference": "R_LED10",
      "reviewed": true,
      "source_url": "https://jlcpcb.com/partdetail/C25804",
      "supplier": "jlcpcb",
      "supplier_part": "C25804"
    },
    {
      "footprint": "Resistor_SMD:R_0603_1608Metric",
      "manufacturer": "UNI-ROYAL(Uniroyal Elec)",
      "mpn": "0603WAF1002T5E",
      "part": "uniroyal.UNIROYAL_0603WAF1002T5E",
      "reference": "R_LED11",
      "reviewed": true,
      "source_url": "https://jlcpcb.com/partdetail/C25804",
      "supplier": "jlcpcb",
      "supplier_part": "C25804"
    },
    {
      "footprint": "Resistor_SMD:R_0603_1608Metric",
      "manufacturer": "UNI-ROYAL(Uniroyal Elec)",
      "mpn": "0603WAF1002T5E",
      "part": "uniroyal.UNIROYAL_0603WAF1002T5E",
      "reference": "R_LED12",
      "reviewed": true,
      "source_url": "https://jlcpcb.com/partdetail/C25804",
      "supplier": "jlcpcb",
      "supplier_part": "C25804"
    },
    {
      "footprint": "Resistor_SMD:R_0603_1608Metric",
      "manufacturer": "UNI-ROYAL(Uniroyal Elec)",
      "mpn": "0603WAF1002T5E",
      "part": "uniroyal.UNIROYAL_0603WAF1002T5E",
      "reference": "R_LED2",
      "reviewed": true,
      "source_url": "https://jlcpcb.com/partdetail/C25804",
      "supplier": "jlcpcb",
      "supplier_part": "C25804"
    },
    {
      "footprint": "Resistor_SMD:R_0603_1608Metric",
      "manufacturer": "UNI-ROYAL(Uniroyal Elec)",
      "mpn": "0603WAF1002T5E",
      "part": "uniroyal.UNIROYAL_0603WAF1002T5E",
      "reference": "R_LED3",
      "reviewed": true,
      "source_url": "https://jlcpcb.com/partdetail/C25804",
      "supplier": "jlcpcb",
      "supplier_part": "C25804"
    },
    {
      "footprint": "Resistor_SMD:R_0603_1608Metric",
      "manufacturer": "UNI-ROYAL(Uniroyal Elec)",
      "mpn": "0603WAF1002T5E",
      "part": "uniroyal.UNIROYAL_0603WAF1002T5E",
      "reference": "R_LED4",
      "reviewed": true,
      "source_url": "https://jlcpcb.com/partdetail/C25804",
      "supplier": "jlcpcb",
      "supplier_part": "C25804"
    },
    {
      "footprint": "Resistor_SMD:R_0603_1608Metric",
      "manufacturer": "UNI-ROYAL(Uniroyal Elec)",
      "mpn": "0603WAF1002T5E",
      "part": "uniroyal.UNIROYAL_0603WAF1002T5E",
      "reference": "R_LED5",
      "reviewed": true,
      "source_url": "https://jlcpcb.com/partdetail/C25804",
      "supplier": "jlcpcb",
      "supplier_part": "C25804"
    },
    {
      "footprint": "Resistor_SMD:R_0603_1608Metric",
      "manufacturer": "UNI-ROYAL(Uniroyal Elec)",
      "mpn": "0603WAF1002T5E",
      "part": "uniroyal.UNIROYAL_0603WAF1002T5E",
      "reference": "R_LED6",
      "reviewed": true,
      "source_url": "https://jlcpcb.com/partdetail/C25804",
      "supplier": "jlcpcb",
      "supplier_part": "C25804"
    },
    {
      "footprint": "Resistor_SMD:R_0603_1608Metric",
      "manufacturer": "UNI-ROYAL(Uniroyal Elec)",
      "mpn": "0603WAF1002T5E",
      "part": "uniroyal.UNIROYAL_0603WAF1002T5E",
      "reference": "R_LED7",
      "reviewed": true,
      "source_url": "https://jlcpcb.com/partdetail/C25804",
      "supplier": "jlcpcb",
      "supplier_part": "C25804"
    },
    {
      "footprint": "Resistor_SMD:R_0603_1608Metric",
      "manufacturer": "UNI-ROYAL(Uniroyal Elec)",
      "mpn": "0603WAF1002T5E",
      "part": "uniroyal.UNIROYAL_0603WAF1002T5E",
      "reference": "R_LED8",
      "reviewed": true,
      "source_url": "https://jlcpcb.com/partdetail/C25804",
      "supplier": "jlcpcb",
      "supplier_part": "C25804"
    },
    {
      "footprint": "Resistor_SMD:R_0603_1608Metric",
      "manufacturer": "UNI-ROYAL(Uniroyal Elec)",
      "mpn": "0603WAF1002T5E",
      "part": "uniroyal.UNIROYAL_0603WAF1002T5E",
      "reference": "R_LED9",
      "reviewed": true,
      "source_url": "https://jlcpcb.com/partdetail/C25804",
      "supplier": "jlcpcb",
      "supplier_part": "C25804"
    },
    {
      "footprint": "Resistor_SMD:R_0603_1608Metric",
      "manufacturer": "UNI-ROYAL(Uniroyal Elec)",
      "mpn": "0603WAF1002T5E",
      "part": "uniroyal.UNIROYAL_0603WAF1002T5E",
      "reference": "R_RESET",
      "reviewed": true,
      "source_url": "https://jlcpcb.com/partdetail/C25804",
      "supplier": "jlcpcb",
      "supplier_part": "C25804"
    },
    {
      "footprint": "Package_DFN_QFN:QFN-48-1EP_6x6mm_P0.4mm_EP4.2x4.2mm",
      "manufacturer": "Nordic Semiconductor",
      "mpn": "NRF52832-QFAA-R",
      "part": "nordic.NRF52832_QFAA",
      "reference": "U1",
      "reviewed": true,
      "source_url": "https://jlcpcb.com/partdetail/C77540",
      "supplier": "jlcpcb",
      "supplier_part": "C77540"
    }
  ]
}
