version = 1
revision = 3
requires-python = "==3.12.*"

[[package]]
name = "copper-led-ring"
version = "0.1.0"
source = { virtual = "." }
dependencies = [
    { name = "copperscript" },
]

[package.metadata]
requires-dist = [{ name = "copperscript", git = "https://github.com/andenore/CopperScript.git?rev=558b100c84ff9e607f290bf7e03b41bcf43ccf98" }]

[[package]]
name = "copperscript"
version = "0.1.0"
source = { git = "https://github.com/andenore/CopperScript.git?rev=558b100c84ff9e607f290bf7e03b41bcf43ccf98#558b100c84ff9e607f290bf7e03b41bcf43ccf98" }
