version = 1
revision = 3
requires-python = "==3.12.*"

[[package]]
name = "copper-led-ring"
version = "0.1.0"
source = { virtual = "." }
dependencies = [
    { name = "copperscript" },
]

[package.metadata]
requires-dist = [{ name = "copperscript", git = "https://github.com/andenore/CopperScript.git?rev=6a5c0c657a8af3034e09dcdfc89971045c5f88af" }]

[[package]]
name = "copperscript"
version = "0.1.0"
source = { git = "https://github.com/andenore/CopperScript.git?rev=6a5c0c657a8af3034e09dcdfc89971045c5f88af#6a5c0c657a8af3034e09dcdfc89971045c5f88af" }
