version = 1
revision = 3
requires-python = "==3.12.*"

[[package]]
name = "copper-led-ring"
version = "0.1.0"
source = { virtual = "." }
dependencies = [
    { name = "copperscript" },
]

[package.metadata]
requires-dist = [{ name = "copperscript", git = "https://github.com/andenore/CopperScript.git?rev=7d44ab5b9392c56214e455df363a57c22fa58e94" }]

[[package]]
name = "copperscript"
version = "0.1.0"
source = { git = "https://github.com/andenore/CopperScript.git?rev=7d44ab5b9392c56214e455df363a57c22fa58e94#7d44ab5b9392c56214e455df363a57c22fa58e94" }
